
Microsoft Visual Studio Solution File, Format Version 12.00
Project("{FAE04EC0-301F-11D3-BF4B-00C04F79EFBC}") = "DailyPrayer", "Client\DailyPrayer.csproj", "{FA7E9FFB-434F-4BE3-9970-B9460A45DE0D}"
EndProject
Project("{FAE04EC0-301F-11D3-BF4B-00C04F79EFBC}") = "Shared", "Shared\Shared.csproj", "{3ED4D409-B7CB-4494-AE1D-36186B6101B5}"
EndProject
Global
	GlobalSection(SolutionConfigurationPlatforms) = preSolution
		Debug|Any CPU = Debug|Any CPU
		Release|Any CPU = Release|Any CPU
	EndGlobalSection
	GlobalSection(ProjectConfigurationPlatforms) = postSolution
		{FA7E9FFB-434F-4BE3-9970-B9460A45DE0D}.Debug|Any CPU.ActiveCfg = Debug|Any CPU
		{FA7E9FFB-434F-4BE3-9970-B9460A45DE0D}.Debug|Any CPU.Build.0 = Debug|Any CPU
		{FA7E9FFB-434F-4BE3-9970-B9460A45DE0D}.Release|Any CPU.ActiveCfg = Release|Any CPU
		{FA7E9FFB-434F-4BE3-9970-B9460A45DE0D}.Release|Any CPU.Build.0 = Release|Any CPU
		{3ED4D409-B7CB-4494-AE1D-36186B6101B5}.Debug|Any CPU.ActiveCfg = Debug|Any CPU
		{3ED4D409-B7CB-4494-AE1D-36186B6101B5}.Debug|Any CPU.Build.0 = Debug|Any CPU
		{3ED4D409-B7CB-4494-AE1D-36186B6101B5}.Release|Any CPU.ActiveCfg = Release|Any CPU
		{3ED4D409-B7CB-4494-AE1D-36186B6101B5}.Release|Any CPU.Build.0 = Release|Any CPU
	EndGlobalSection
EndGlobal
